
Microsoft Visual Studio Solution File, Format Version 12.00
# Visual Studio Version 17
VisualStudioVersion = 17.14.36804.6 d17.14
MinimumVisualStudioVersion = 10.0.40219.1
Project("{FAE04EC0-301F-11D3-BF4B-00C04F79EFBC}") = "AuthService", "AuthService.csproj", "{970C742C-B43C-4A66-9740-A09B1699FAF3}"
EndProject
Global
	GlobalSection(SolutionConfigurationPlatforms) = preSolution
		Debug|Any CPU = Debug|Any CPU
		Release|Any CPU = Release|Any CPU
	EndGlobalSection
	GlobalSection(ProjectConfigurationPlatforms) = postSolution
		{970C742C-B43C-4A66-9740-A09B1699FAF3}.Debug|Any CPU.ActiveCfg = Debug|Any CPU
		{970C742C-B43C-4A66-9740-A09B1699FAF3}.Debug|Any CPU.Build.0 = Debug|Any CPU
		{970C742C-B43C-4A66-9740-A09B1699FAF3}.Release|Any CPU.ActiveCfg = Release|Any CPU
		{970C742C-B43C-4A66-9740-A09B1699FAF3}.Release|Any CPU.Build.0 = Release|Any CPU
	EndGlobalSection
	GlobalSection(SolutionProperties) = preSolution
		HideSolutionNode = FALSE
	EndGlobalSection
	GlobalSection(ExtensibilityGlobals) = postSolution
		SolutionGuid = {91612673-2345-48D8-9819-0C0AB2CC0A76}
	EndGlobalSection
EndGlobal
